Microsoft Visual Studio Solution File, Format Version 12.00
# Visual Studio Version 17
VisualStudioVersion = 17.5.2.0
MinimumVisualStudioVersion = 10.0.40219.1
Project("{FAE04EC0-301F-11D3-BF4B-00C04F79EFBC}") = "Teashop", "Teashop.csproj", "{96CD734D-7B1B-2A61-A625-AED15482731C}"
EndProject
Global
	GlobalSection(SolutionConfigurationPlatforms) = preSolution
		Debug|Any CPU = Debug|Any CPU
		Release|Any CPU = Release|Any CPU
	EndGlobalSection
	GlobalSection(ProjectConfigurationPlatforms) = postSolution
		{96CD734D-7B1B-2A61-A625-AED15482731C}.Debug|Any CPU.ActiveCfg = Debug|Any CPU
		{96CD734D-7B1B-2A61-A625-AED15482731C}.Debug|Any CPU.Build.0 = Debug|Any CPU
		{96CD734D-7B1B-2A61-A625-AED15482731C}.Release|Any CPU.ActiveCfg = Release|Any CPU
		{96CD734D-7B1B-2A61-A625-AED15482731C}.Release|Any CPU.Build.0 = Release|Any CPU
	EndGlobalSection
	GlobalSection(SolutionProperties) = preSolution
		HideSolutionNode = FALSE
	EndGlobalSection
	GlobalSection(ExtensibilityGlobals) = postSolution
		SolutionGuid = {1968B8B8-0D34-47C7-96B1-B4E64FF32F4F}
	EndGlobalSection
EndGlobal
